
Microsoft Visual Studio Solution File, Format Version 12.00
# Visual Studio Version 17
VisualStudioVersion = 17.11.35219.272
MinimumVisualStudioVersion = 10.0.40219.1
Project("{9A19103F-16F7-4668-BE54-9A1E7A4F7556}") = "SurveillanceStation.Net", "SurveillanceStation.Net\SurveillanceStation.Net.csproj", "{681780EE-FD16-45CE-A801-BA40E4E2A99E}"
EndProject
Project("{FAE04EC0-301F-11D3-BF4B-00C04F79EFBC}") = "SurveillanceStation.Net.Tests", "SurveillanceStation.Net.Tests\SurveillanceStation.Net.Tests.csproj", "{1C929515-0680-4018-A8E5-B4E199B891A3}"
EndProject
Global
	GlobalSection(SolutionConfigurationPlatforms) = preSolution
		Debug|Any CPU = Debug|Any CPU
		Release|Any CPU = Release|Any CPU
	EndGlobalSection
	GlobalSection(ProjectConfigurationPlatforms) = postSolution
		{681780EE-FD16-45CE-A801-BA40E4E2A99E}.Debug|Any CPU.ActiveCfg = Debug|Any CPU
		{681780EE-FD16-45CE-A801-BA40E4E2A99E}.Debug|Any CPU.Build.0 = Debug|Any CPU
		{681780EE-FD16-45CE-A801-BA40E4E2A99E}.Release|Any CPU.ActiveCfg = Release|Any CPU
		{681780EE-FD16-45CE-A801-BA40E4E2A99E}.Release|Any CPU.Build.0 = Release|Any CPU
		{1C929515-0680-4018-A8E5-B4E199B891A3}.Debug|Any CPU.ActiveCfg = Debug|Any CPU
		{1C929515-0680-4018-A8E5-B4E199B891A3}.Debug|Any CPU.Build.0 = Debug|Any CPU
		{1C929515-0680-4018-A8E5-B4E199B891A3}.Release|Any CPU.ActiveCfg = Release|Any CPU
		{1C929515-0680-4018-A8E5-B4E199B891A3}.Release|Any CPU.Build.0 = Release|Any CPU
	EndGlobalSection
	GlobalSection(SolutionProperties) = preSolution
		HideSolutionNode = FALSE
	EndGlobalSection
	GlobalSection(ExtensibilityGlobals) = postSolution
		SolutionGuid = {2E4BE501-B63C-43A8-A23D-576A431EF576}
	EndGlobalSection
EndGlobal
